
Microsoft Visual Studio Solution File, Format Version 12.00
# Visual Studio Version 16
VisualStudioVersion = 16.0.30517.126
MinimumVisualStudioVersion = 10.0.40219.1
Project("{FAE04EC0-301F-11D3-BF4B-00C04F79EFBC}") = "Live-Search-Filter-Ajax", "Live-Search-Filter-Ajax\Live-Search-Filter-Ajax.csproj", "{229CF736-77C8-4E63-A73A-5987ED6F6068}"
EndProject
Global
	GlobalSection(SolutionConfigurationPlatforms) = preSolution
		Debug|Any CPU = Debug|Any CPU
		Release|Any CPU = Release|Any CPU
	EndGlobalSection
	GlobalSection(ProjectConfigurationPlatforms) = postSolution
		{229CF736-77C8-4E63-A73A-5987ED6F6068}.Debug|Any CPU.ActiveCfg = Debug|Any CPU
		{229CF736-77C8-4E63-A73A-5987ED6F6068}.Debug|Any CPU.Build.0 = Debug|Any CPU
		{229CF736-77C8-4E63-A73A-5987ED6F6068}.Release|Any CPU.ActiveCfg = Release|Any CPU
		{229CF736-77C8-4E63-A73A-5987ED6F6068}.Release|Any CPU.Build.0 = Release|Any CPU
	EndGlobalSection
	GlobalSection(SolutionProperties) = preSolution
		HideSolutionNode = FALSE
	EndGlobalSection
	GlobalSection(ExtensibilityGlobals) = postSolution
		SolutionGuid = {512F4BB0-DE51-4D60-88EF-3DCDEC934A9D}
	EndGlobalSection
EndGlobal
